
Microsoft Visual Studio Solution File, Format Version 11.00
# Visual Studio 2010
Project("{FAE04EC0-301F-11D3-BF4B-00C04F79EFBC}") = "stm", "stm\stm.csproj", "{000615F7-B493-48D4-AB13-C2D94DB0D565}"
EndProject
Global
	GlobalSection(SolutionConfigurationPlatforms) = preSolution
		Debug|x86 = Debug|x86
		Release|x86 = Release|x86
	EndGlobalSection
	GlobalSection(ProjectConfigurationPlatforms) = postSolution
		{000615F7-B493-48D4-AB13-C2D94DB0D565}.Debug|x86.ActiveCfg = Debug|x86
		{000615F7-B493-48D4-AB13-C2D94DB0D565}.Debug|x86.Build.0 = Debug|x86
		{000615F7-B493-48D4-AB13-C2D94DB0D565}.Release|x86.ActiveCfg = Release|x86
		{000615F7-B493-48D4-AB13-C2D94DB0D565}.Release|x86.Build.0 = Release|x86
	EndGlobalSection
	GlobalSection(SolutionProperties) = preSolution
		HideSolutionNode = FALSE
	EndGlobalSection
EndGlobal
